
Microsoft Visual Studio Solution File, Format Version 12.00
# Visual Studio 15
VisualStudioVersion = 15.0.28010.2046
MinimumVisualStudioVersion = 10.0.40219.1
Project("{FAE04EC0-301F-11D3-BF4B-00C04F79EFBC}") = "Estudo", "Estudo\Estudo.csproj", "{7BC0D560-038F-4285-8F64-24097F3B0308}"
EndProject
Global
	GlobalSection(SolutionConfigurationPlatforms) = preSolution
		Debug|Any CPU = Debug|Any CPU
		Release|Any CPU = Release|Any CPU
	EndGlobalSection
	GlobalSection(ProjectConfigurationPlatforms) = postSolution
		{7BC0D560-038F-4285-8F64-24097F3B0308}.Debug|Any CPU.ActiveCfg = Debug|Any CPU
		{7BC0D560-038F-4285-8F64-24097F3B0308}.Debug|Any CPU.Build.0 = Debug|Any CPU
		{7BC0D560-038F-4285-8F64-24097F3B0308}.Release|Any CPU.ActiveCfg = Release|Any CPU
		{7BC0D560-038F-4285-8F64-24097F3B0308}.Release|Any CPU.Build.0 = Release|Any CPU
	EndGlobalSection
	GlobalSection(SolutionProperties) = preSolution
		HideSolutionNode = FALSE
	EndGlobalSection
	GlobalSection(ExtensibilityGlobals) = postSolution
		SolutionGuid = {34FC0569-1D77-4149-8E7C-173F4A7104F2}
	EndGlobalSection
EndGlobal
